{
  "name": "miniprogram",
  "lockfileVersion": 2,
  "requires": true,
  "packages": {
    "": {
      "dependencies": {
        "tdesign-miniprogram": "^1.1.7"
      }
    },
    "node_modules/dayjs": {
      "version": "1.11.5",
      "resolved": "https://registry.npmmirror.com/dayjs/-/dayjs-1.11.5.tgz",
      "integrity": "sha512-CAdX5Q3YW3Gclyo5Vpqkgpj8fSdLQcRuzfX6mC6Phy0nfJ0eGYOeS7m4mt2plDWLAtA4TqTakvbboHvUxfe4iA=="
    },
    "node_modules/tdesign-miniprogram": {
      "version": "1.1.7",
      "resolved": "https://registry.npmmirror.com/tdesign-miniprogram/-/tdesign-miniprogram-1.1.7.tgz",
      "integrity": "sha512-OYR6BXeRUXGzbCiMQHOUwPSy5ZrmvxE8diEEltOb+aSremZ7P0NU3iBJLIM1jsj6aD4VDIKZdyJvzwFFTUHCRA==",
      "dependencies": {
        "dayjs": "^1.10.7"
      }
    }
  },
  "dependencies": {
    "dayjs": {
      "version": "1.11.5",
      "resolved": "https://registry.npmmirror.com/dayjs/-/dayjs-1.11.5.tgz",
      "integrity": "sha512-CAdX5Q3YW3Gclyo5Vpqkgpj8fSdLQcRuzfX6mC6Phy0nfJ0eGYOeS7m4mt2plDWLAtA4TqTakvbboHvUxfe4iA=="
    },
    "tdesign-miniprogram": {
      "version": "1.1.7",
      "resolved": "https://registry.npmmirror.com/tdesign-miniprogram/-/tdesign-miniprogram-1.1.7.tgz",
      "integrity": "sha512-OYR6BXeRUXGzbCiMQHOUwPSy5ZrmvxE8diEEltOb+aSremZ7P0NU3iBJLIM1jsj6aD4VDIKZdyJvzwFFTUHCRA==",
      "requires": {
        "dayjs": "^1.10.7"
      }
    }
  }
}
